
Microsoft Visual Studio Solution File, Format Version 12.00
# Visual Studio Version 17
VisualStudioVersion = 17.9.34701.34
MinimumVisualStudioVersion = 10.0.40219.1
Project("{FAE04EC0-301F-11D3-BF4B-00C04F79EFBC}") = "WebApi", "WebApi\WebApi.csproj", "{0F899A48-F80B-4A18-ABAA-69CD09E5DCBC}"
EndProject
Global
	GlobalSection(SolutionConfigurationPlatforms) = preSolution
		Debug|Any CPU = Debug|Any CPU
		Release|Any CPU = Release|Any CPU
	EndGlobalSection
	GlobalSection(ProjectConfigurationPlatforms) = postSolution
		{0F899A48-F80B-4A18-ABAA-69CD09E5DCBC}.Debug|Any CPU.ActiveCfg = Debug|Any CPU
		{0F899A48-F80B-4A18-ABAA-69CD09E5DCBC}.Debug|Any CPU.Build.0 = Debug|Any CPU
		{0F899A48-F80B-4A18-ABAA-69CD09E5DCBC}.Release|Any CPU.ActiveCfg = Release|Any CPU
		{0F899A48-F80B-4A18-ABAA-69CD09E5DCBC}.Release|Any CPU.Build.0 = Release|Any CPU
	EndGlobalSection
	GlobalSection(SolutionProperties) = preSolution
		HideSolutionNode = FALSE
	EndGlobalSection
	GlobalSection(ExtensibilityGlobals) = postSolution
		SolutionGuid = {290F3548-1F8C-42C3-97FB-A17255848D37}
	EndGlobalSection
EndGlobal
